
Microsoft Visual Studio Solution File, Format Version 12.00
# Visual Studio Version 17
VisualStudioVersion = 17.1.32210.238
MinimumVisualStudioVersion = 10.0.40219.1
Project("{FAE04EC0-301F-11D3-BF4B-00C04F79EFBC}") = "Fuarix", "WindowsFormsApp2\Fuarix.csproj", "{31FCA32D-323A-407B-BF1B-E50184765D11}"
EndProject
Global
	GlobalSection(SolutionConfigurationPlatforms) = preSolution
		Debug|Any CPU = Debug|Any CPU
		Release|Any CPU = Release|Any CPU
	EndGlobalSection
	GlobalSection(ProjectConfigurationPlatforms) = postSolution
		{31FCA32D-323A-407B-BF1B-E50184765D11}.Debug|Any CPU.ActiveCfg = Debug|Any CPU
		{31FCA32D-323A-407B-BF1B-E50184765D11}.Debug|Any CPU.Build.0 = Debug|Any CPU
		{31FCA32D-323A-407B-BF1B-E50184765D11}.Release|Any CPU.ActiveCfg = Release|Any CPU
		{31FCA32D-323A-407B-BF1B-E50184765D11}.Release|Any CPU.Build.0 = Release|Any CPU
	EndGlobalSection
	GlobalSection(SolutionProperties) = preSolution
		HideSolutionNode = FALSE
	EndGlobalSection
	GlobalSection(ExtensibilityGlobals) = postSolution
		SolutionGuid = {34D01F27-E601-4EC8-8BD4-808687528CAA}
	EndGlobalSection
EndGlobal
